
Microsoft Visual Studio Solution File, Format Version 12.00
# Visual Studio 15
VisualStudioVersion = 15.0.28307.106
MinimumVisualStudioVersion = 10.0.40219.1
Project("{FAE04EC0-301F-11D3-BF4B-00C04F79EFBC}") = "Photoshop", "Photoshop\Photoshop.csproj", "{F78FBCA2-6FA0-40D8-B9DB-EB0A50007EEF}"
EndProject
Global
	GlobalSection(SolutionConfigurationPlatforms) = preSolution
		Debug|Any CPU = Debug|Any CPU
		Release|Any CPU = Release|Any CPU
	EndGlobalSection
	GlobalSection(ProjectConfigurationPlatforms) = postSolution
		{F78FBCA2-6FA0-40D8-B9DB-EB0A50007EEF}.Debug|Any CPU.ActiveCfg = Debug|Any CPU
		{F78FBCA2-6FA0-40D8-B9DB-EB0A50007EEF}.Debug|Any CPU.Build.0 = Debug|Any CPU
		{F78FBCA2-6FA0-40D8-B9DB-EB0A50007EEF}.Release|Any CPU.ActiveCfg = Release|Any CPU
		{F78FBCA2-6FA0-40D8-B9DB-EB0A50007EEF}.Release|Any CPU.Build.0 = Release|Any CPU
	EndGlobalSection
	GlobalSection(SolutionProperties) = preSolution
		HideSolutionNode = FALSE
	EndGlobalSection
	GlobalSection(ExtensibilityGlobals) = postSolution
		SolutionGuid = {CC467EF6-55F6-48EC-99CB-34195CB878AA}
	EndGlobalSection
EndGlobal
